
Microsoft Visual Studio Solution File, Format Version 12.00
# Visual Studio Version 17
VisualStudioVersion = 17.8.34408.163
MinimumVisualStudioVersion = 10.0.40219.1
Project("{FAE04EC0-301F-11D3-BF4B-00C04F79EFBC}") = "Lab2", "Lab2\Lab2.csproj", "{809964BB-5278-4C42-B166-C7198F4E581D}"
EndProject
Global
	GlobalSection(SolutionConfigurationPlatforms) = preSolution
		Debug|Any CPU = Debug|Any CPU
		Release|Any CPU = Release|Any CPU
	EndGlobalSection
	GlobalSection(ProjectConfigurationPlatforms) = postSolution
		{809964BB-5278-4C42-B166-C7198F4E581D}.Debug|Any CPU.ActiveCfg = Debug|Any CPU
		{809964BB-5278-4C42-B166-C7198F4E581D}.Debug|Any CPU.Build.0 = Debug|Any CPU
		{809964BB-5278-4C42-B166-C7198F4E581D}.Release|Any CPU.ActiveCfg = Release|Any CPU
		{809964BB-5278-4C42-B166-C7198F4E581D}.Release|Any CPU.Build.0 = Release|Any CPU
	EndGlobalSection
	GlobalSection(SolutionProperties) = preSolution
		HideSolutionNode = FALSE
	EndGlobalSection
	GlobalSection(ExtensibilityGlobals) = postSolution
		SolutionGuid = {29C8E3E6-31B3-4CA9-87F6-0465B7F6F499}
	EndGlobalSection
EndGlobal
